
Microsoft Visual Studio Solution File, Format Version 12.00
# Visual Studio 14
VisualStudioVersion = 14.0.25420.1
MinimumVisualStudioVersion = 10.0.40219.1
Project("{FAE04EC0-301F-11D3-BF4B-00C04F79EFBC}") = "Publisher", "Publisher\Publisher.csproj", "{EDC2F168-140F-4812-8C5B-B22F4C91F9B8}"
EndProject
Project("{FAE04EC0-301F-11D3-BF4B-00C04F79EFBC}") = "FormReceiver", "FormReceiver\FormReceiver.csproj", "{5F134DF4-9ACA-41A6-AF4C-503F2EE891CC}"
EndProject
Global
	GlobalSection(SolutionConfigurationPlatforms) = preSolution
		Debug|Any CPU = Debug|Any CPU
		Release|Any CPU = Release|Any CPU
	EndGlobalSection
	GlobalSection(ProjectConfigurationPlatforms) = postSolution
		{EDC2F168-140F-4812-8C5B-B22F4C91F9B8}.Debug|Any CPU.ActiveCfg = Debug|Any CPU
		{EDC2F168-140F-4812-8C5B-B22F4C91F9B8}.Debug|Any CPU.Build.0 = Debug|Any CPU
		{EDC2F168-140F-4812-8C5B-B22F4C91F9B8}.Release|Any CPU.ActiveCfg = Release|Any CPU
		{EDC2F168-140F-4812-8C5B-B22F4C91F9B8}.Release|Any CPU.Build.0 = Release|Any CPU
		{5F134DF4-9ACA-41A6-AF4C-503F2EE891CC}.Debug|Any CPU.ActiveCfg = Debug|Any CPU
		{5F134DF4-9ACA-41A6-AF4C-503F2EE891CC}.Debug|Any CPU.Build.0 = Debug|Any CPU
		{5F134DF4-9ACA-41A6-AF4C-503F2EE891CC}.Release|Any CPU.ActiveCfg = Release|Any CPU
		{5F134DF4-9ACA-41A6-AF4C-503F2EE891CC}.Release|Any CPU.Build.0 = Release|Any CPU
	EndGlobalSection
	GlobalSection(SolutionProperties) = preSolution
		HideSolutionNode = FALSE
	EndGlobalSection
EndGlobal
